
Microsoft Visual Studio Solution File, Format Version 12.00
# Visual Studio Version 16
VisualStudioVersion = 16.0.29503.13
MinimumVisualStudioVersion = 10.0.40219.1
Project("{FAE04EC0-301F-11D3-BF4B-00C04F79EFBC}") = "program5", "program5.csproj", "{DB0549C9-CD6A-403D-A7DD-35A14459A0A5}"
EndProject
Global
	GlobalSection(SolutionConfigurationPlatforms) = preSolution
		Debug|Any CPU = Debug|Any CPU
		Release|Any CPU = Release|Any CPU
	EndGlobalSection
	GlobalSection(ProjectConfigurationPlatforms) = postSolution
		{DB0549C9-CD6A-403D-A7DD-35A14459A0A5}.Debug|Any CPU.ActiveCfg = Debug|Any CPU
		{DB0549C9-CD6A-403D-A7DD-35A14459A0A5}.Debug|Any CPU.Build.0 = Debug|Any CPU
		{DB0549C9-CD6A-403D-A7DD-35A14459A0A5}.Release|Any CPU.ActiveCfg = Release|Any CPU
		{DB0549C9-CD6A-403D-A7DD-35A14459A0A5}.Release|Any CPU.Build.0 = Release|Any CPU
	EndGlobalSection
	GlobalSection(SolutionProperties) = preSolution
		HideSolutionNode = FALSE
	EndGlobalSection
	GlobalSection(ExtensibilityGlobals) = postSolution
		SolutionGuid = {48F17529-D9F9-449E-89FD-9AEA9914EB3C}
	EndGlobalSection
EndGlobal
