
Microsoft Visual Studio Solution File, Format Version 12.00
# Visual Studio Version 16
VisualStudioVersion = 16.0.29503.13
MinimumVisualStudioVersion = 10.0.40219.1
Project("{FAE04EC0-301F-11D3-BF4B-00C04F79EFBC}") = "InvoiceTotal", "InvoiceTotal.csproj", "{C70780E6-E893-4B3B-8947-842A757E0174}"
EndProject
Global
	GlobalSection(SolutionConfigurationPlatforms) = preSolution
		Debug|Any CPU = Debug|Any CPU
		Release|Any CPU = Release|Any CPU
	EndGlobalSection
	GlobalSection(ProjectConfigurationPlatforms) = postSolution
		{C70780E6-E893-4B3B-8947-842A757E0174}.Debug|Any CPU.ActiveCfg = Debug|Any CPU
		{C70780E6-E893-4B3B-8947-842A757E0174}.Debug|Any CPU.Build.0 = Debug|Any CPU
		{C70780E6-E893-4B3B-8947-842A757E0174}.Release|Any CPU.ActiveCfg = Release|Any CPU
		{C70780E6-E893-4B3B-8947-842A757E0174}.Release|Any CPU.Build.0 = Release|Any CPU
	EndGlobalSection
	GlobalSection(SolutionProperties) = preSolution
		HideSolutionNode = FALSE
	EndGlobalSection
	GlobalSection(ExtensibilityGlobals) = postSolution
		SolutionGuid = {A7C0A31A-D815-4E1A-B86C-2FB519C0B301}
	EndGlobalSection
EndGlobal
