
Microsoft Visual Studio Solution File, Format Version 12.00
# Visual Studio Version 16
VisualStudioVersion = 16.0.29503.13
MinimumVisualStudioVersion = 10.0.40219.1
Project("{FAE04EC0-301F-11D3-BF4B-00C04F79EFBC}") = "PA3", "PA3.csproj", "{6919F8F6-3BA3-491C-9117-0C8FD8494552}"
EndProject
Global
	GlobalSection(SolutionConfigurationPlatforms) = preSolution
		Debug|Any CPU = Debug|Any CPU
		Release|Any CPU = Release|Any CPU
	EndGlobalSection
	GlobalSection(ProjectConfigurationPlatforms) = postSolution
		{6919F8F6-3BA3-491C-9117-0C8FD8494552}.Debug|Any CPU.ActiveCfg = Debug|Any CPU
		{6919F8F6-3BA3-491C-9117-0C8FD8494552}.Debug|Any CPU.Build.0 = Debug|Any CPU
		{6919F8F6-3BA3-491C-9117-0C8FD8494552}.Release|Any CPU.ActiveCfg = Release|Any CPU
		{6919F8F6-3BA3-491C-9117-0C8FD8494552}.Release|Any CPU.Build.0 = Release|Any CPU
	EndGlobalSection
	GlobalSection(SolutionProperties) = preSolution
		HideSolutionNode = FALSE
	EndGlobalSection
	GlobalSection(ExtensibilityGlobals) = postSolution
		SolutionGuid = {85171B81-7136-42E9-B266-8BDC19A64412}
	EndGlobalSection
EndGlobal
